
Microsoft Visual Studio Solution File, Format Version 12.00
# Visual Studio Version 17
VisualStudioVersion = 17.13.35919.96 d17.13
MinimumVisualStudioVersion = 10.0.40219.1
Project("{FAE04EC0-301F-11D3-BF4B-00C04F79EFBC}") = "HomeworkProject", "HomeworkProject\HomeworkProject.csproj", "{4AFB882A-5E1E-4B35-B12A-4AADC4A3480F}"
EndProject
Global
	GlobalSection(SolutionConfigurationPlatforms) = preSolution
		Debug|Any CPU = Debug|Any CPU
		Release|Any CPU = Release|Any CPU
	EndGlobalSection
	GlobalSection(ProjectConfigurationPlatforms) = postSolution
		{4AFB882A-5E1E-4B35-B12A-4AADC4A3480F}.Debug|Any CPU.ActiveCfg = Debug|Any CPU
		{4AFB882A-5E1E-4B35-B12A-4AADC4A3480F}.Debug|Any CPU.Build.0 = Debug|Any CPU
		{4AFB882A-5E1E-4B35-B12A-4AADC4A3480F}.Release|Any CPU.ActiveCfg = Release|Any CPU
		{4AFB882A-5E1E-4B35-B12A-4AADC4A3480F}.Release|Any CPU.Build.0 = Release|Any CPU
	EndGlobalSection
	GlobalSection(SolutionProperties) = preSolution
		HideSolutionNode = FALSE
	EndGlobalSection
	GlobalSection(ExtensibilityGlobals) = postSolution
		SolutionGuid = {DC1BB413-E21A-41AD-9034-8D88BA6F3F95}
	EndGlobalSection
EndGlobal
